
Microsoft Visual Studio Solution File, Format Version 12.00
# Visual Studio Version 16
VisualStudioVersion = 16.0.31205.134
MinimumVisualStudioVersion = 10.0.40219.1
Project("{FAE04EC0-301F-11D3-BF4B-00C04F79EFBC}") = "QuanLyDiemSV", "QuanLyDiemSV\QuanLyDiemSV.csproj", "{88C99CBA-DC36-4A9C-B98C-3E0157FFFAC7}"
EndProject
Global
	GlobalSection(SolutionConfigurationPlatforms) = preSolution
		Debug|Any CPU = Debug|Any CPU
		Release|Any CPU = Release|Any CPU
	EndGlobalSection
	GlobalSection(ProjectConfigurationPlatforms) = postSolution
		{88C99CBA-DC36-4A9C-B98C-3E0157FFFAC7}.Debug|Any CPU.ActiveCfg = Debug|Any CPU
		{88C99CBA-DC36-4A9C-B98C-3E0157FFFAC7}.Debug|Any CPU.Build.0 = Debug|Any CPU
		{88C99CBA-DC36-4A9C-B98C-3E0157FFFAC7}.Release|Any CPU.ActiveCfg = Release|Any CPU
		{88C99CBA-DC36-4A9C-B98C-3E0157FFFAC7}.Release|Any CPU.Build.0 = Release|Any CPU
	EndGlobalSection
	GlobalSection(SolutionProperties) = preSolution
		HideSolutionNode = FALSE
	EndGlobalSection
	GlobalSection(ExtensibilityGlobals) = postSolution
		SolutionGuid = {8A4C0D54-E7A3-4EC8-9B71-CF3E0AB730FF}
	EndGlobalSection
EndGlobal
